
Microsoft Visual Studio Solution File, Format Version 12.00
# Visual Studio Version 17
VisualStudioVersion = 17.7.34031.279
MinimumVisualStudioVersion = 10.0.40219.1
Project("{FAE04EC0-301F-11D3-BF4B-00C04F79EFBC}") = "Flashopedia.UWP", "Flashopedia\Flashopedia.UWP\Flashopedia.UWP.csproj", "{45D1D25B-9B51-4C81-901D-6B550FAD08D0}"
EndProject
Project("{FAE04EC0-301F-11D3-BF4B-00C04F79EFBC}") = "Flashopedia.Android", "Flashopedia\Flashopedia.Android\Flashopedia.Android.csproj", "{BFD8F0F7-3422-4B2F-AE05-92CD67F3EF28}"
EndProject
Project("{9A19103F-16F7-4668-BE54-9A1E7A4F7556}") = "Flashopedia", "Flashopedia\Flashopedia\Flashopedia.csproj", "{3E9C4A28-0148-4641-B682-F395A723D9F9}"
EndProject
Project("{9A19103F-16F7-4668-BE54-9A1E7A4F7556}") = "FlashopediaLib", "Flashopedia\FlashopediaLib\FlashopediaLib.csproj", "{145729F3-FB18-4679-9615-B424CE3D3B19}"
EndProject
Project("{9A19103F-16F7-4668-BE54-9A1E7A4F7556}") = "Test", "Flashopedia\Test\Test.csproj", "{C207C84F-5FDB-4C7E-A5E0-808B77D89ABB}"
EndProject
Global
	GlobalSection(SolutionConfigurationPlatforms) = preSolution
		Debug|Any CPU = Debug|Any CPU
		Debug|ARM = Debug|ARM
		Debug|x64 = Debug|x64
		Debug|x86 = Debug|x86
		Release|Any CPU = Release|Any CPU
		Release|ARM = Release|ARM
		Release|x64 = Release|x64
		Release|x86 = Release|x86
	EndGlobalSection
	GlobalSection(ProjectConfigurationPlatforms) = postSolution
		{45D1D25B-9B51-4C81-901D-6B550FAD08D0}.Debug|Any CPU.ActiveCfg = Debug|x64
		{45D1D25B-9B51-4C81-901D-6B550FAD08D0}.Debug|Any CPU.Build.0 = Debug|x64
		{45D1D25B-9B51-4C81-901D-6B550FAD08D0}.Debug|Any CPU.Deploy.0 = Debug|x64
		{45D1D25B-9B51-4C81-901D-6B550FAD08D0}.Debug|ARM.ActiveCfg = Debug|ARM
		{45D1D25B-9B51-4C81-901D-6B550FAD08D0}.Debug|ARM.Build.0 = Debug|ARM
		{45D1D25B-9B51-4C81-901D-6B550FAD08D0}.Debug|ARM.Deploy.0 = Debug|ARM
		{45D1D25B-9B51-4C81-901D-6B550FAD08D0}.Debug|x64.ActiveCfg = Debug|x64
		{45D1D25B-9B51-4C81-901D-6B550FAD08D0}.Debug|x64.Build.0 = Debug|x64
		{45D1D25B-9B51-4C81-901D-6B550FAD08D0}.Debug|x64.Deploy.0 = Debug|x64
		{45D1D25B-9B51-4C81-901D-6B550FAD08D0}.Debug|x86.ActiveCfg = Debug|x86
		{45D1D25B-9B51-4C81-901D-6B550FAD08D0}.Debug|x86.Build.0 = Debug|x86
		{45D1D25B-9B51-4C81-901D-6B550FAD08D0}.Debug|x86.Deploy.0 = Debug|x86
		{45D1D25B-9B51-4C81-901D-6B550FAD08D0}.Release|Any CPU.ActiveCfg = Release|x64
		{45D1D25B-9B51-4C81-901D-6B550FAD08D0}.Release|Any CPU.Build.0 = Release|x64
		{45D1D25B-9B51-4C81-901D-6B550FAD08D0}.Release|Any CPU.Deploy.0 = Release|x64
		{45D1D25B-9B51-4C81-901D-6B550FAD08D0}.Release|ARM.ActiveCfg = Release|ARM
		{45D1D25B-9B51-4C81-901D-6B550FAD08D0}.Release|ARM.Build.0 = Release|ARM
		{45D1D25B-9B51-4C81-901D-6B550FAD08D0}.Release|ARM.Deploy.0 = Release|ARM
		{45D1D25B-9B51-4C81-901D-6B550FAD08D0}.Release|x64.ActiveCfg = Release|x64
		{45D1D25B-9B51-4C81-901D-6B550FAD08D0}.Release|x64.Build.0 = Release|x64
		{45D1D25B-9B51-4C81-901D-6B550FAD08D0}.Release|x64.Deploy.0 = Release|x64
		{45D1D25B-9B51-4C81-901D-6B550FAD08D0}.Release|x86.ActiveCfg = Release|x86
		{45D1D25B-9B51-4C81-901D-6B550FAD08D0}.Release|x86.Build.0 = Release|x86
		{45D1D25B-9B51-4C81-901D-6B550FAD08D0}.Release|x86.Deploy.0 = Release|x86
		{BFD8F0F7-3422-4B2F-AE05-92CD67F3EF28}.Debug|Any CPU.ActiveCfg = Debug|Any CPU
		{BFD8F0F7-3422-4B2F-AE05-92CD67F3EF28}.Debug|Any CPU.Build.0 = Debug|Any CPU
		{BFD8F0F7-3422-4B2F-AE05-92CD67F3EF28}.Debug|Any CPU.Deploy.0 = Debug|Any CPU
		{BFD8F0F7-3422-4B2F-AE05-92CD67F3EF28}.Debug|ARM.ActiveCfg = Debug|Any CPU
		{BFD8F0F7-3422-4B2F-AE05-92CD67F3EF28}.Debug|ARM.Build.0 = Debug|Any CPU
		{BFD8F0F7-3422-4B2F-AE05-92CD67F3EF28}.Debug|ARM.Deploy.0 = Debug|Any CPU
		{BFD8F0F7-3422-4B2F-AE05-92CD67F3EF28}.Debug|x64.ActiveCfg = Debug|Any CPU
		{BFD8F0F7-3422-4B2F-AE05-92CD67F3EF28}.Debug|x64.Build.0 = Debug|Any CPU
		{BFD8F0F7-3422-4B2F-AE05-92CD67F3EF28}.Debug|x64.Deploy.0 = Debug|Any CPU
		{BFD8F0F7-3422-4B2F-AE05-92CD67F3EF28}.Debug|x86.ActiveCfg = Debug|Any CPU
		{BFD8F0F7-3422-4B2F-AE05-92CD67F3EF28}.Debug|x86.Build.0 = Debug|Any CPU
		{BFD8F0F7-3422-4B2F-AE05-92CD67F3EF28}.Debug|x86.Deploy.0 = Debug|Any CPU
		{BFD8F0F7-3422-4B2F-AE05-92CD67F3EF28}.Release|Any CPU.ActiveCfg = Release|Any CPU
		{BFD8F0F7-3422-4B2F-AE05-92CD67F3EF28}.Release|Any CPU.Build.0 = Release|Any CPU
		{BFD8F0F7-3422-4B2F-AE05-92CD67F3EF28}.Release|Any CPU.Deploy.0 = Release|Any CPU
		{BFD8F0F7-3422-4B2F-AE05-92CD67F3EF28}.Release|ARM.ActiveCfg = Release|Any CPU
		{BFD8F0F7-3422-4B2F-AE05-92CD67F3EF28}.Release|ARM.Build.0 = Release|Any CPU
		{BFD8F0F7-3422-4B2F-AE05-92CD67F3EF28}.Release|ARM.Deploy.0 = Release|Any CPU
		{BFD8F0F7-3422-4B2F-AE05-92CD67F3EF28}.Release|x64.ActiveCfg = Release|Any CPU
		{BFD8F0F7-3422-4B2F-AE05-92CD67F3EF28}.Release|x64.Build.0 = Release|Any CPU
		{BFD8F0F7-3422-4B2F-AE05-92CD67F3EF28}.Release|x64.Deploy.0 = Release|Any CPU
		{BFD8F0F7-3422-4B2F-AE05-92CD67F3EF28}.Release|x86.ActiveCfg = Release|Any CPU
		{BFD8F0F7-3422-4B2F-AE05-92CD67F3EF28}.Release|x86.Build.0 = Release|Any CPU
		{BFD8F0F7-3422-4B2F-AE05-92CD67F3EF28}.Release|x86.Deploy.0 = Release|Any CPU
		{3E9C4A28-0148-4641-B682-F395A723D9F9}.Debug|Any CPU.ActiveCfg = Debug|Any CPU
		{3E9C4A28-0148-4641-B682-F395A723D9F9}.Debug|Any CPU.Build.0 = Debug|Any CPU
		{3E9C4A28-0148-4641-B682-F395A723D9F9}.Debug|Any CPU.Deploy.0 = Debug|Any CPU
		{3E9C4A28-0148-4641-B682-F395A723D9F9}.Debug|ARM.ActiveCfg = Debug|Any CPU
		{3E9C4A28-0148-4641-B682-F395A723D9F9}.Debug|ARM.Build.0 = Debug|Any CPU
		{3E9C4A28-0148-4641-B682-F395A723D9F9}.Debug|ARM.Deploy.0 = Debug|Any CPU
		{3E9C4A28-0148-4641-B682-F395A723D9F9}.Debug|x64.ActiveCfg = Debug|Any CPU
		{3E9C4A28-0148-4641-B682-F395A723D9F9}.Debug|x64.Build.0 = Debug|Any CPU
		{3E9C4A28-0148-4641-B682-F395A723D9F9}.Debug|x64.Deploy.0 = Debug|Any CPU
		{3E9C4A28-0148-4641-B682-F395A723D9F9}.Debug|x86.ActiveCfg = Debug|Any CPU
		{3E9C4A28-0148-4641-B682-F395A723D9F9}.Debug|x86.Build.0 = Debug|Any CPU
		{3E9C4A28-0148-4641-B682-F395A723D9F9}.Debug|x86.Deploy.0 = Debug|Any CPU
		{3E9C4A28-0148-4641-B682-F395A723D9F9}.Release|Any CPU.ActiveCfg = Release|Any CPU
		{3E9C4A28-0148-4641-B682-F395A723D9F9}.Release|Any CPU.Build.0 = Release|Any CPU
		{3E9C4A28-0148-4641-B682-F395A723D9F9}.Release|Any CPU.Deploy.0 = Release|Any CPU
		{3E9C4A28-0148-4641-B682-F395A723D9F9}.Release|ARM.ActiveCfg = Release|Any CPU
		{3E9C4A28-0148-4641-B682-F395A723D9F9}.Release|ARM.Build.0 = Release|Any CPU
		{3E9C4A28-0148-4641-B682-F395A723D9F9}.Release|ARM.Deploy.0 = Release|Any CPU
		{3E9C4A28-0148-4641-B682-F395A723D9F9}.Release|x64.ActiveCfg = Release|Any CPU
		{3E9C4A28-0148-4641-B682-F395A723D9F9}.Release|x64.Build.0 = Release|Any CPU
		{3E9C4A28-0148-4641-B682-F395A723D9F9}.Release|x64.Deploy.0 = Release|Any CPU
		{3E9C4A28-0148-4641-B682-F395A723D9F9}.Release|x86.ActiveCfg = Release|Any CPU
		{3E9C4A28-0148-4641-B682-F395A723D9F9}.Release|x86.Build.0 = Release|Any CPU
		{3E9C4A28-0148-4641-B682-F395A723D9F9}.Release|x86.Deploy.0 = Release|Any CPU
		{145729F3-FB18-4679-9615-B424CE3D3B19}.Debug|Any CPU.ActiveCfg = Debug|Any CPU
		{145729F3-FB18-4679-9615-B424CE3D3B19}.Debug|Any CPU.Build.0 = Debug|Any CPU
		{145729F3-FB18-4679-9615-B424CE3D3B19}.Debug|ARM.ActiveCfg = Debug|Any CPU
		{145729F3-FB18-4679-9615-B424CE3D3B19}.Debug|ARM.Build.0 = Debug|Any CPU
		{145729F3-FB18-4679-9615-B424CE3D3B19}.Debug|x64.ActiveCfg = Debug|Any CPU
		{145729F3-FB18-4679-9615-B424CE3D3B19}.Debug|x64.Build.0 = Debug|Any CPU
		{145729F3-FB18-4679-9615-B424CE3D3B19}.Debug|x86.ActiveCfg = Debug|Any CPU
		{145729F3-FB18-4679-9615-B424CE3D3B19}.Debug|x86.Build.0 = Debug|Any CPU
		{145729F3-FB18-4679-9615-B424CE3D3B19}.Release|Any CPU.ActiveCfg = Release|Any CPU
		{145729F3-FB18-4679-9615-B424CE3D3B19}.Release|Any CPU.Build.0 = Release|Any CPU
		{145729F3-FB18-4679-9615-B424CE3D3B19}.Release|ARM.ActiveCfg = Release|Any CPU
		{145729F3-FB18-4679-9615-B424CE3D3B19}.Release|ARM.Build.0 = Release|Any CPU
		{145729F3-FB18-4679-9615-B424CE3D3B19}.Release|x64.ActiveCfg = Release|Any CPU
		{145729F3-FB18-4679-9615-B424CE3D3B19}.Release|x64.Build.0 = Release|Any CPU
		{145729F3-FB18-4679-9615-B424CE3D3B19}.Release|x86.ActiveCfg = Release|Any CPU
		{145729F3-FB18-4679-9615-B424CE3D3B19}.Release|x86.Build.0 = Release|Any CPU
		{C207C84F-5FDB-4C7E-A5E0-808B77D89ABB}.Debug|Any CPU.ActiveCfg = Debug|Any CPU
		{C207C84F-5FDB-4C7E-A5E0-808B77D89ABB}.Debug|Any CPU.Build.0 = Debug|Any CPU
		{C207C84F-5FDB-4C7E-A5E0-808B77D89ABB}.Debug|ARM.ActiveCfg = Debug|Any CPU
		{C207C84F-5FDB-4C7E-A5E0-808B77D89ABB}.Debug|ARM.Build.0 = Debug|Any CPU
		{C207C84F-5FDB-4C7E-A5E0-808B77D89ABB}.Debug|x64.ActiveCfg = Debug|Any CPU
		{C207C84F-5FDB-4C7E-A5E0-808B77D89ABB}.Debug|x64.Build.0 = Debug|Any CPU
		{C207C84F-5FDB-4C7E-A5E0-808B77D89ABB}.Debug|x86.ActiveCfg = Debug|Any CPU
		{C207C84F-5FDB-4C7E-A5E0-808B77D89ABB}.Debug|x86.Build.0 = Debug|Any CPU
		{C207C84F-5FDB-4C7E-A5E0-808B77D89ABB}.Release|Any CPU.ActiveCfg = Release|Any CPU
		{C207C84F-5FDB-4C7E-A5E0-808B77D89ABB}.Release|Any CPU.Build.0 = Release|Any CPU
		{C207C84F-5FDB-4C7E-A5E0-808B77D89ABB}.Release|ARM.ActiveCfg = Release|Any CPU
		{C207C84F-5FDB-4C7E-A5E0-808B77D89ABB}.Release|ARM.Build.0 = Release|Any CPU
		{C207C84F-5FDB-4C7E-A5E0-808B77D89ABB}.Release|x64.ActiveCfg = Release|Any CPU
		{C207C84F-5FDB-4C7E-A5E0-808B77D89ABB}.Release|x64.Build.0 = Release|Any CPU
		{C207C84F-5FDB-4C7E-A5E0-808B77D89ABB}.Release|x86.ActiveCfg = Release|Any CPU
		{C207C84F-5FDB-4C7E-A5E0-808B77D89ABB}.Release|x86.Build.0 = Release|Any CPU
	EndGlobalSection
	GlobalSection(SolutionProperties) = preSolution
		HideSolutionNode = FALSE
	EndGlobalSection
	GlobalSection(ExtensibilityGlobals) = postSolution
		SolutionGuid = {F85F3389-016F-4044-8BA2-197B225E0144}
	EndGlobalSection
EndGlobal
